// !$*UTF8*$!
{
	archiveVersion = 1;
	classes = {
	};
	objectVersion = 46;
	objects = {

/* Begin PBXBuildFile section */
		085AC927173A7546000715A1 /* navigation_background.png in Resources */ = {isa = PBXBuildFile; fileRef = 085AC921173A7546000715A1 /* navigation_background.png */; };
		085AC928173A7546000715A1 /* navigation_background@2x.png in Resources */ = {isa = PBXBuildFile; fileRef = 085AC922173A7546000715A1 /* navigation_background@2x.png */; };
		085AC929173A7546000715A1 /* editButton.png in Resources */ = {isa = PBXBuildFile; fileRef = 085AC923173A7546000715A1 /* editButton.png */; };
		085AC92A173A7546000715A1 /* editButton@2x.png in Resources */ = {isa = PBXBuildFile; fileRef = 085AC924173A7546000715A1 /* editButton@2x.png */; };
		085AC92B173A7546000715A1 /* navigation_menu_button.png in Resources */ = {isa = PBXBuildFile; fileRef = 085AC925173A7546000715A1 /* navigation_menu_button.png */; };
		085AC92C173A7546000715A1 /* navigation_menu_button@2x.png in Resources */ = {isa = PBXBuildFile; fileRef = 085AC926173A7546000715A1 /* navigation_menu_button@2x.png */; };
		085AC936173AA41A000715A1 /* AnimalCell.xib in Resources */ = {isa = PBXBuildFile; fileRef = 085AC935173AA41A000715A1 /* AnimalCell.xib */; };
		085AC939173AA456000715A1 /* AnimalCell.m in Sources */ = {isa = PBXBuildFile; fileRef = 085AC938173AA456000715A1 /* AnimalCell.m */; };
		085AC93B173AAD3C000715A1 /* zookh_logo.png in Resources */ = {isa = PBXBuildFile; fileRef = 085AC93A173AAD3B000715A1 /* zookh_logo.png */; };
		085AC93E173AB30F000715A1 /* tabbar_map.png in Resources */ = {isa = PBXBuildFile; fileRef = 085AC93C173AB30D000715A1 /* tabbar_map.png */; };
		085AC93F173AB30F000715A1 /* tabbar_map@2x.png in Resources */ = {isa = PBXBuildFile; fileRef = 085AC93D173AB30D000715A1 /* tabbar_map@2x.png */; };
		088FCC6A173BD3B200D1794C /* DataManager.m in Sources */ = {isa = PBXBuildFile; fileRef = 088FCC69173BD3B200D1794C /* DataManager.m */; };
		8C3CB28C1737C61100F57852 /* UIKit.framework in Frameworks */ = {isa = PBXBuildFile; fileRef = 8C3CB28B1737C61100F57852 /* UIKit.framework */; };
		8C3CB28E1737C61100F57852 /* Foundation.framework in Frameworks */ = {isa = PBXBuildFile; fileRef = 8C3CB28D1737C61100F57852 /* Foundation.framework */; };
		8C3CB2901737C61100F57852 /* CoreGraphics.framework in Frameworks */ = {isa = PBXBuildFile; fileRef = 8C3CB28F1737C61100F57852 /* CoreGraphics.framework */; };
		CC9BE21A173D207200518C9C /* AnimalModel.m in Sources */ = {isa = PBXBuildFile; fileRef = CC9BE219173D207200518C9C /* AnimalModel.m */; };
		CC9BE228173D2B9F00518C9C /* 220px-Medved_mzoo.png in Resources */ = {isa = PBXBuildFile; fileRef = CC9BE224173D2B9F00518C9C /* 220px-Medved_mzoo.png */; };
		CC9BE229173D2B9F00518C9C /* 220px-Medved_mzoo@2x.png in Resources */ = {isa = PBXBuildFile; fileRef = CC9BE225173D2B9F00518C9C /* 220px-Medved_mzoo@2x.png */; };
		CC9BE22E173D30C700518C9C /* Polar Bear_2.png in Resources */ = {isa = PBXBuildFile; fileRef = CC9BE22C173D30C700518C9C /* Polar Bear_2.png */; };
		CC9BE22F173D30C700518C9C /* Polar Bear_2@2x.png in Resources */ = {isa = PBXBuildFile; fileRef = CC9BE22D173D30C700518C9C /* Polar Bear_2@2x.png */; };
		CC9BE234173D374C00518C9C /* lion.png in Resources */ = {isa = PBXBuildFile; fileRef = CC9BE230173D374C00518C9C /* lion.png */; };
		CC9BE235173D374C00518C9C /* lion@2x.png in Resources */ = {isa = PBXBuildFile; fileRef = CC9BE231173D374C00518C9C /* lion@2x.png */; };
		CC9BE236173D374C00518C9C /* mangust.png in Resources */ = {isa = PBXBuildFile; fileRef = CC9BE232173D374C00518C9C /* mangust.png */; };
		CC9BE237173D374C00518C9C /* mangust@2x.png in Resources */ = {isa = PBXBuildFile; fileRef = CC9BE233173D374C00518C9C /* mangust@2x.png */; };
		CC9BE23A173D375500518C9C /* tiger.png in Resources */ = {isa = PBXBuildFile; fileRef = CC9BE238173D375500518C9C /* tiger.png */; };
		CC9BE23B173D375500518C9C /* tiger@2x.png in Resources */ = {isa = PBXBuildFile; fileRef = CC9BE239173D375500518C9C /* tiger@2x.png */; };
		CC9BE23E173D375E00518C9C /* vidra.png in Resources */ = {isa = PBXBuildFile; fileRef = CC9BE23C173D375E00518C9C /* vidra.png */; };
		CC9BE23F173D375E00518C9C /* vidra@2x.png in Resources */ = {isa = PBXBuildFile; fileRef = CC9BE23D173D375E00518C9C /* vidra@2x.png */; };
		CC9BE24C173D3E0500518C9C /* ara.png in Resources */ = {isa = PBXBuildFile; fileRef = CC9BE240173D3E0300518C9C /* ara.png */; };
		CC9BE24D173D3E0500518C9C /* ara@2x.png in Resources */ = {isa = PBXBuildFile; fileRef = CC9BE241173D3E0300518C9C /* ara@2x.png */; };
		CC9BE24E173D3E0500518C9C /* caplya.png in Resources */ = {isa = PBXBuildFile; fileRef = CC9BE242173D3E0300518C9C /* caplya.png */; };
		CC9BE24F173D3E0500518C9C /* caplya@2x.png in Resources */ = {isa = PBXBuildFile; fileRef = CC9BE243173D3E0300518C9C /* caplya@2x.png */; };
		CC9BE250173D3E0500518C9C /* goose.png in Resources */ = {isa = PBXBuildFile; fileRef = CC9BE244173D3E0400518C9C /* goose.png */; };
		CC9BE251173D3E0500518C9C /* goose@2x.png in Resources */ = {isa = PBXBuildFile; fileRef = CC9BE245173D3E0400518C9C /* goose@2x.png */; };
		CC9BE252173D3E0500518C9C /* pavlin.png in Resources */ = {isa = PBXBuildFile; fileRef = CC9BE246173D3E0400518C9C /* pavlin.png */; };
		CC9BE253173D3E0500518C9C /* pavlin@2x.png in Resources */ = {isa = PBXBuildFile; fileRef = CC9BE247173D3E0400518C9C /* pavlin@2x.png */; };
		CC9BE254173D3E0500518C9C /* peganki.png in Resources */ = {isa = PBXBuildFile; fileRef = CC9BE248173D3E0400518C9C /* peganki.png */; };
		CC9BE255173D3E0500518C9C /* peganki@2x.png in Resources */ = {isa = PBXBuildFile; fileRef = CC9BE249173D3E0400518C9C /* peganki@2x.png */; };
		CC9BE256173D3E0500518C9C /* Sarus.png in Resources */ = {isa = PBXBuildFile; fileRef = CC9BE24A173D3E0500518C9C /* Sarus.png */; };
		CC9BE257173D3E0500518C9C /* Sarus@2x.png in Resources */ = {isa = PBXBuildFile; fileRef = CC9BE24B173D3E0500518C9C /* Sarus@2x.png */; };
		CC9BE265173D443500518C9C /* agama.png in Resources */ = {isa = PBXBuildFile; fileRef = CC9BE259173D443300518C9C /* agama.png */; };
		CC9BE266173D443500518C9C /* agama@2x.png in Resources */ = {isa = PBXBuildFile; fileRef = CC9BE25A173D443300518C9C /* agama@2x.png */; };
		CC9BE267173D443500518C9C /* kayman.png in Resources */ = {isa = PBXBuildFile; fileRef = CC9BE25B173D443300518C9C /* kayman.png */; };
		CC9BE268173D443500518C9C /* kayman@2x.png in Resources */ = {isa = PBXBuildFile; fileRef = CC9BE25C173D443300518C9C /* kayman@2x.png */; };
		CC9BE269173D443500518C9C /* pitonTygroviy.png in Resources */ = {isa = PBXBuildFile; fileRef = CC9BE25D173D443300518C9C /* pitonTygroviy.png */; };
		CC9BE26A173D443500518C9C /* pitonTygroviy@2x.png in Resources */ = {isa = PBXBuildFile; fileRef = CC9BE25E173D443400518C9C /* pitonTygroviy@2x.png */; };
		CC9BE26B173D443500518C9C /* pyton.png in Resources */ = {isa = PBXBuildFile; fileRef = CC9BE25F173D443400518C9C /* pyton.png */; };
		CC9BE26C173D443500518C9C /* pyton@2x.png in Resources */ = {isa = PBXBuildFile; fileRef = CC9BE260173D443400518C9C /* pyton@2x.png */; };
		CC9BE26D173D443500518C9C /* Varan.png in Resources */ = {isa = PBXBuildFile; fileRef = CC9BE261173D443400518C9C /* Varan.png */; };
		CC9BE26E173D443500518C9C /* Varan@2x.png in Resources */ = {isa = PBXBuildFile; fileRef = CC9BE262173D443400518C9C /* Varan@2x.png */; };
		CC9BE26F173D443500518C9C /* vasylysk.png in Resources */ = {isa = PBXBuildFile; fileRef = CC9BE263173D443400518C9C /* vasylysk.png */; };
		CC9BE270173D443500518C9C /* vasylysk@2x.png in Resources */ = {isa = PBXBuildFile; fileRef = CC9BE264173D443400518C9C /* vasylysk@2x.png */; };
		CC9BE27E173D476400518C9C /* minor.png in Resources */ = {isa = PBXBuildFile; fileRef = CC9BE272173D476200518C9C /* minor.png */; };
		CC9BE27F173D476400518C9C /* minor@2x.png in Resources */ = {isa = PBXBuildFile; fileRef = CC9BE273173D476200518C9C /* minor@2x.png */; };
		CC9BE280173D476400518C9C /* princes.png in Resources */ = {isa = PBXBuildFile; fileRef = CC9BE274173D476300518C9C /* princes.png */; };
		CC9BE281173D476400518C9C /* princes@2x.png in Resources */ = {isa = PBXBuildFile; fileRef = CC9BE275173D476300518C9C /* princes@2x.png */; };
		CC9BE282173D476400518C9C /* queen.png in Resources */ = {isa = PBXBuildFile; fileRef = CC9BE276173D476300518C9C /* queen.png */; };
		CC9BE283173D476400518C9C /* queen@2x.png in Resources */ = {isa = PBXBuildFile; fileRef = CC9BE277173D476300518C9C /* queen@2x.png */; };
		CC9BE284173D476400518C9C /* redhead.png in Resources */ = {isa = PBXBuildFile; fileRef = CC9BE278173D476300518C9C /* redhead.png */; };
		CC9BE285173D476400518C9C /* redhead@2x.png in Resources */ = {isa = PBXBuildFile; fileRef = CC9BE279173D476300518C9C /* redhead@2x.png */; };
		CC9BE286173D476400518C9C /* teleskop.png in Resources */ = {isa = PBXBuildFile; fileRef = CC9BE27A173D476300518C9C /* teleskop.png */; };
		CC9BE287173D476400518C9C /* teleskop@2x.png in Resources */ = {isa = PBXBuildFile; fileRef = CC9BE27B173D476400518C9C /* teleskop@2x.png */; };
		CC9BE288173D476400518C9C /* zolotaya.png in Resources */ = {isa = PBXBuildFile; fileRef = CC9BE27C173D476400518C9C /* zolotaya.png */; };
		CC9BE289173D476400518C9C /* zolotaya@2x.png in Resources */ = {isa = PBXBuildFile; fileRef = CC9BE27D173D476400518C9C /* zolotaya@2x.png */; };
		D55DE12B1737FD4D00F1A8BC /* NSNumber+ext.m in Sources */ = {isa = PBXBuildFile; fileRef = D55DE1131737FD4D00F1A8BC /* NSNumber+ext.m */; };
		D55DE12C1737FD4D00F1A8BC /* UIView+ext.m in Sources */ = {isa = PBXBuildFile; fileRef = D55DE1151737FD4D00F1A8BC /* UIView+ext.m */; };
		D55DE12D1737FD4D00F1A8BC /* AppDelegate.m in Sources */ = {isa = PBXBuildFile; fileRef = D55DE1171737FD4D00F1A8BC /* AppDelegate.m */; };
		D55DE12E1737FD4D00F1A8BC /* main.m in Sources */ = {isa = PBXBuildFile; fileRef = D55DE11A1737FD4D00F1A8BC /* main.m */; };
		D55DE12F1737FD4D00F1A8BC /* Default-568h@2x.png in Resources */ = {isa = PBXBuildFile; fileRef = D55DE1241737FD4D00F1A8BC /* Default-568h@2x.png */; };
		D55DE1301737FD4D00F1A8BC /* Default.png in Resources */ = {isa = PBXBuildFile; fileRef = D55DE1251737FD4D00F1A8BC /* Default.png */; };
		D55DE1311737FD4D00F1A8BC /* Default@2x.png in Resources */ = {isa = PBXBuildFile; fileRef = D55DE1261737FD4D00F1A8BC /* Default@2x.png */; };
		D55DE1321737FD4D00F1A8BC /* InfoPlist.strings in Resources */ = {isa = PBXBuildFile; fileRef = D55DE1281737FD4D00F1A8BC /* InfoPlist.strings */; };
		D55DE1381737FFC500F1A8BC /* QRViewController.m in Sources */ = {isa = PBXBuildFile; fileRef = D55DE1361737FFC500F1A8BC /* QRViewController.m */; };
		D55DE1391737FFC500F1A8BC /* QRViewController.xib in Resources */ = {isa = PBXBuildFile; fileRef = D55DE1371737FFC500F1A8BC /* QRViewController.xib */; };
		D55DE13E1738005400F1A8BC /* MapViewController.m in Sources */ = {isa = PBXBuildFile; fileRef = D55DE13C1738005400F1A8BC /* MapViewController.m */; };
		D55DE13F1738005400F1A8BC /* MapViewController.xib in Resources */ = {isa = PBXBuildFile; fileRef = D55DE13D1738005400F1A8BC /* MapViewController.xib */; };
		D55DE1441738007400F1A8BC /* InfoViewController.m in Sources */ = {isa = PBXBuildFile; fileRef = D55DE1421738007400F1A8BC /* InfoViewController.m */; };
		D55DE1451738007400F1A8BC /* InfoViewController.xib in Resources */ = {isa = PBXBuildFile; fileRef = D55DE1431738007400F1A8BC /* InfoViewController.xib */; };
		D55DE14A173800A900F1A8BC /* AnimalsViewController.m in Sources */ = {isa = PBXBuildFile; fileRef = D55DE148173800A900F1A8BC /* AnimalsViewController.m */; };
		D55DE14B173800A900F1A8BC /* AnimalsViewController.xib in Resources */ = {isa = PBXBuildFile; fileRef = D55DE149173800A900F1A8BC /* AnimalsViewController.xib */; };
		D55DE14D1738031200F1A8BC /* MapKit.framework in Frameworks */ = {isa = PBXBuildFile; fileRef = D55DE14C1738031200F1A8BC /* MapKit.framework */; };
/* End PBXBuildFile section */

/* Begin PBXFileReference section */
		085AC921173A7546000715A1 /* navigation_background.png */ = {isa = PBXFileReference; lastKnownFileType = image.png; path = navigation_background.png; sourceTree = "<group>"; };
		085AC922173A7546000715A1 /* navigation_background@2x.png */ = {isa = PBXFileReference; lastKnownFileType = image.png; path = "navigation_background@2x.png"; sourceTree = "<group>"; };
		085AC923173A7546000715A1 /* editButton.png */ = {isa = PBXFileReference; lastKnownFileType = image.png; path = editButton.png; sourceTree = "<group>"; };
		085AC924173A7546000715A1 /* editButton@2x.png */ = {isa = PBXFileReference; lastKnownFileType = image.png; path = "editButton@2x.png"; sourceTree = "<group>"; };
		085AC925173A7546000715A1 /* navigation_menu_button.png */ = {isa = PBXFileReference; lastKnownFileType = image.png; path = navigation_menu_button.png; sourceTree = "<group>"; };
		085AC926173A7546000715A1 /* navigation_menu_button@2x.png */ = {isa = PBXFileReference; lastKnownFileType = image.png; path = "navigation_menu_button@2x.png"; sourceTree = "<group>"; };
		085AC935173AA41A000715A1 /* AnimalCell.xib */ = {isa = PBXFileReference; fileEncoding = 4; lastKnownFileType = file.xib; path = AnimalCell.xib; sourceTree = SOURCE_ROOT; };
		085AC937173AA456000715A1 /* AnimalCell.h */ = {isa = PBXFileReference; fileEncoding = 4; lastKnownFileType = sourcecode.c.h; path = AnimalCell.h; sourceTree = SOURCE_ROOT; };
		085AC938173AA456000715A1 /* AnimalCell.m */ = {isa = PBXFileReference; fileEncoding = 4; lastKnownFileType = sourcecode.c.objc; path = AnimalCell.m; sourceTree = SOURCE_ROOT; };
		085AC93A173AAD3B000715A1 /* zookh_logo.png */ = {isa = PBXFileReference; lastKnownFileType = image.png; path = zookh_logo.png; sourceTree = "<group>"; };
		085AC93C173AB30D000715A1 /* tabbar_map.png */ = {isa = PBXFileReference; lastKnownFileType = image.png; path = tabbar_map.png; sourceTree = "<group>"; };
		085AC93D173AB30D000715A1 /* tabbar_map@2x.png */ = {isa = PBXFileReference; lastKnownFileType = image.png; path = "tabbar_map@2x.png"; sourceTree = "<group>"; };
		088FCC68173BD3B200D1794C /* DataManager.h */ = {isa = PBXFileReference; fileEncoding = 4; lastKnownFileType = sourcecode.c.h; path = DataManager.h; sourceTree = "<group>"; };
		088FCC69173BD3B200D1794C /* DataManager.m */ = {isa = PBXFileReference; fileEncoding = 4; lastKnownFileType = sourcecode.c.objc; path = DataManager.m; sourceTree = "<group>"; };
		8C3CB2881737C61100F57852 /* ZOO_DEMO.app */ = {isa = PBXFileReference; explicitFileType = wrapper.application; includeInIndex = 0; path = ZOO_DEMO.app; sourceTree = BUILT_PRODUCTS_DIR; };
		8C3CB28B1737C61100F57852 /* UIKit.framework */ = {isa = PBXFileReference; lastKnownFileType = wrapper.framework; name = UIKit.framework; path = System/Library/Frameworks/UIKit.framework; sourceTree = SDKROOT; };
		8C3CB28D1737C61100F57852 /* Foundation.framework */ = {isa = PBXFileReference; lastKnownFileType = wrapper.framework; name = Foundation.framework; path = System/Library/Frameworks/Foundation.framework; sourceTree = SDKROOT; };
		8C3CB28F1737C61100F57852 /* CoreGraphics.framework */ = {isa = PBXFileReference; lastKnownFileType = wrapper.framework; name = CoreGraphics.framework; path = System/Library/Frameworks/CoreGraphics.framework; sourceTree = SDKROOT; };
		CC9BE218173D207200518C9C /* AnimalModel.h */ = {isa = PBXFileReference; fileEncoding = 4; lastKnownFileType = sourcecode.c.h; name = AnimalModel.h; path = ZOO_DEMO/Classes/AnimalModel.h; sourceTree = SOURCE_ROOT; };
		CC9BE219173D207200518C9C /* AnimalModel.m */ = {isa = PBXFileReference; fileEncoding = 4; lastKnownFileType = sourcecode.c.objc; name = AnimalModel.m; path = ZOO_DEMO/Classes/AnimalModel.m; sourceTree = SOURCE_ROOT; };
		CC9BE224173D2B9F00518C9C /* 220px-Medved_mzoo.png */ = {isa = PBXFileReference; lastKnownFileType = image.png; name = "220px-Medved_mzoo.png"; path = "Animals/220px-Medved_mzoo.png"; sourceTree = "<group>"; };
		CC9BE225173D2B9F00518C9C /* 220px-Medved_mzoo@2x.png */ = {isa = PBXFileReference; lastKnownFileType = image.png; name = "220px-Medved_mzoo@2x.png"; path = "Animals/220px-Medved_mzoo@2x.png"; sourceTree = "<group>"; };
		CC9BE22C173D30C700518C9C /* Polar Bear_2.png */ = {isa = PBXFileReference; lastKnownFileType = image.png; name = "Polar Bear_2.png"; path = "Animals/Polar Bear_2.png"; sourceTree = "<group>"; };
		CC9BE22D173D30C700518C9C /* Polar Bear_2@2x.png */ = {isa = PBXFileReference; lastKnownFileType = image.png; name = "Polar Bear_2@2x.png"; path = "Animals/Polar Bear_2@2x.png"; sourceTree = "<group>"; };
		CC9BE230173D374C00518C9C /* lion.png */ = {isa = PBXFileReference; lastKnownFileType = image.png; name = lion.png; path = Animals/lion.png; sourceTree = "<group>"; };
		CC9BE231173D374C00518C9C /* lion@2x.png */ = {isa = PBXFileReference; lastKnownFileType = image.png; name = "lion@2x.png"; path = "Animals/lion@2x.png"; sourceTree = "<group>"; };
		CC9BE232173D374C00518C9C /* mangust.png */ = {isa = PBXFileReference; lastKnownFileType = image.png; name = mangust.png; path = Animals/mangust.png; sourceTree = "<group>"; };
		CC9BE233173D374C00518C9C /* mangust@2x.png */ = {isa = PBXFileReference; lastKnownFileType = image.png; name = "mangust@2x.png"; path = "Animals/mangust@2x.png"; sourceTree = "<group>"; };
		CC9BE238173D375500518C9C /* tiger.png */ = {isa = PBXFileReference; lastKnownFileType = image.png; name = tiger.png; path = Animals/tiger.png; sourceTree = "<group>"; };
		CC9BE239173D375500518C9C /* tiger@2x.png */ = {isa = PBXFileReference; lastKnownFileType = image.png; name = "tiger@2x.png"; path = "Animals/tiger@2x.png"; sourceTree = "<group>"; };
		CC9BE23C173D375E00518C9C /* vidra.png */ = {isa = PBXFileReference; lastKnownFileType = image.png; name = vidra.png; path = Animals/vidra.png; sourceTree = "<group>"; };
		CC9BE23D173D375E00518C9C /* vidra@2x.png */ = {isa = PBXFileReference; lastKnownFileType = image.png; name = "vidra@2x.png"; path = "Animals/vidra@2x.png"; sourceTree = "<group>"; };
		CC9BE240173D3E0300518C9C /* ara.png */ = {isa = PBXFileReference; lastKnownFileType = image.png; name = ara.png; path = Birds/ara.png; sourceTree = "<group>"; };
		CC9BE241173D3E0300518C9C /* ara@2x.png */ = {isa = PBXFileReference; lastKnownFileType = image.png; name = "ara@2x.png"; path = "Birds/ara@2x.png"; sourceTree = "<group>"; };
		CC9BE242173D3E0300518C9C /* caplya.png */ = {isa = PBXFileReference; lastKnownFileType = image.png; name = caplya.png; path = Birds/caplya.png; sourceTree = "<group>"; };
		CC9BE243173D3E0300518C9C /* caplya@2x.png */ = {isa = PBXFileReference; lastKnownFileType = image.png; name = "caplya@2x.png"; path = "Birds/caplya@2x.png"; sourceTree = "<group>"; };
		CC9BE244173D3E0400518C9C /* goose.png */ = {isa = PBXFileReference; lastKnownFileType = image.png; name = goose.png; path = Birds/goose.png; sourceTree = "<group>"; };
		CC9BE245173D3E0400518C9C /* goose@2x.png */ = {isa = PBXFileReference; lastKnownFileType = image.png; name = "goose@2x.png"; path = "Birds/goose@2x.png"; sourceTree = "<group>"; };
		CC9BE246173D3E0400518C9C /* pavlin.png */ = {isa = PBXFileReference; lastKnownFileType = image.png; name = pavlin.png; path = Birds/pavlin.png; sourceTree = "<group>"; };
		CC9BE247173D3E0400518C9C /* pavlin@2x.png */ = {isa = PBXFileReference; lastKnownFileType = image.png; name = "pavlin@2x.png"; path = "Birds/pavlin@2x.png"; sourceTree = "<group>"; };
		CC9BE248173D3E0400518C9C /* peganki.png */ = {isa = PBXFileReference; lastKnownFileType = image.png; name = peganki.png; path = Birds/peganki.png; sourceTree = "<group>"; };
		CC9BE249173D3E0400518C9C /* peganki@2x.png */ = {isa = PBXFileReference; lastKnownFileType = image.png; name = "peganki@2x.png"; path = "Birds/peganki@2x.png"; sourceTree = "<group>"; };
		CC9BE24A173D3E0500518C9C /* Sarus.png */ = {isa = PBXFileReference; lastKnownFileType = image.png; name = Sarus.png; path = Birds/Sarus.png; sourceTree = "<group>"; };
		CC9BE24B173D3E0500518C9C /* Sarus@2x.png */ = {isa = PBXFileReference; lastKnownFileType = image.png; name = "Sarus@2x.png"; path = "Birds/Sarus@2x.png"; sourceTree = "<group>"; };
		CC9BE259173D443300518C9C /* agama.png */ = {isa = PBXFileReference; lastKnownFileType = image.png; name = agama.png; path = Reptiles/agama.png; sourceTree = "<group>"; };
		CC9BE25A173D443300518C9C /* agama@2x.png */ = {isa = PBXFileReference; lastKnownFileType = image.png; name = "agama@2x.png"; path = "Reptiles/agama@2x.png"; sourceTree = "<group>"; };
		CC9BE25B173D443300518C9C /* kayman.png */ = {isa = PBXFileReference; lastKnownFileType = image.png; name = kayman.png; path = Reptiles/kayman.png; sourceTree = "<group>"; };
		CC9BE25C173D443300518C9C /* kayman@2x.png */ = {isa = PBXFileReference; lastKnownFileType = image.png; name = "kayman@2x.png"; path = "Reptiles/kayman@2x.png"; sourceTree = "<group>"; };
		CC9BE25D173D443300518C9C /* pitonTygroviy.png */ = {isa = PBXFileReference; lastKnownFileType = image.png; name = pitonTygroviy.png; path = Reptiles/pitonTygroviy.png; sourceTree = "<group>"; };
		CC9BE25E173D443400518C9C /* pitonTygroviy@2x.png */ = {isa = PBXFileReference; lastKnownFileType = image.png; name = "pitonTygroviy@2x.png"; path = "Reptiles/pitonTygroviy@2x.png"; sourceTree = "<group>"; };
		CC9BE25F173D443400518C9C /* pyton.png */ = {isa = PBXFileReference; lastKnownFileType = image.png; name = pyton.png; path = Reptiles/pyton.png; sourceTree = "<group>"; };
		CC9BE260173D443400518C9C /* pyton@2x.png */ = {isa = PBXFileReference; lastKnownFileType = image.png; name = "pyton@2x.png"; path = "Reptiles/pyton@2x.png"; sourceTree = "<group>"; };
		CC9BE261173D443400518C9C /* Varan.png */ = {isa = PBXFileReference; lastKnownFileType = image.png; name = Varan.png; path = Reptiles/Varan.png; sourceTree = "<group>"; };
		CC9BE262173D443400518C9C /* Varan@2x.png */ = {isa = PBXFileReference; lastKnownFileType = image.png; name = "Varan@2x.png"; path = "Reptiles/Varan@2x.png"; sourceTree = "<group>"; };
		CC9BE263173D443400518C9C /* vasylysk.png */ = {isa = PBXFileReference; lastKnownFileType = image.png; name = vasylysk.png; path = Reptiles/vasylysk.png; sourceTree = "<group>"; };
		CC9BE264173D443400518C9C /* vasylysk@2x.png */ = {isa = PBXFileReference; lastKnownFileType = image.png; name = "vasylysk@2x.png"; path = "Reptiles/vasylysk@2x.png"; sourceTree = "<group>"; };
		CC9BE272173D476200518C9C /* minor.png */ = {isa = PBXFileReference; lastKnownFileType = image.png; name = minor.png; path = Fishes/minor.png; sourceTree = "<group>"; };
		CC9BE273173D476200518C9C /* minor@2x.png */ = {isa = PBXFileReference; lastKnownFileType = image.png; name = "minor@2x.png"; path = "Fishes/minor@2x.png"; sourceTree = "<group>"; };
		CC9BE274173D476300518C9C /* princes.png */ = {isa = PBXFileReference; lastKnownFileType = image.png; name = princes.png; path = Fishes/princes.png; sourceTree = "<group>"; };
		CC9BE275173D476300518C9C /* princes@2x.png */ = {isa = PBXFileReference; lastKnownFileType = image.png; name = "princes@2x.png"; path = "Fishes/princes@2x.png"; sourceTree = "<group>"; };
		CC9BE276173D476300518C9C /* queen.png */ = {isa = PBXFileReference; lastKnownFileType = image.png; name = queen.png; path = Fishes/queen.png; sourceTree = "<group>"; };
		CC9BE277173D476300518C9C /* queen@2x.png */ = {isa = PBXFileReference; lastKnownFileType = image.png; name = "queen@2x.png"; path = "Fishes/queen@2x.png"; sourceTree = "<group>"; };
		CC9BE278173D476300518C9C /* redhead.png */ = {isa = PBXFileReference; lastKnownFileType = image.png; name = redhead.png; path = Fishes/redhead.png; sourceTree = "<group>"; };
		CC9BE279173D476300518C9C /* redhead@2x.png */ = {isa = PBXFileReference; lastKnownFileType = image.png; name = "redhead@2x.png"; path = "Fishes/redhead@2x.png"; sourceTree = "<group>"; };
		CC9BE27A173D476300518C9C /* teleskop.png */ = {isa = PBXFileReference; lastKnownFileType = image.png; name = teleskop.png; path = Fishes/teleskop.png; sourceTree = "<group>"; };
		CC9BE27B173D476400518C9C /* teleskop@2x.png */ = {isa = PBXFileReference; lastKnownFileType = image.png; name = "teleskop@2x.png"; path = "Fishes/teleskop@2x.png"; sourceTree = "<group>"; };
		CC9BE27C173D476400518C9C /* zolotaya.png */ = {isa = PBXFileReference; lastKnownFileType = image.png; name = zolotaya.png; path = Fishes/zolotaya.png; sourceTree = "<group>"; };
		CC9BE27D173D476400518C9C /* zolotaya@2x.png */ = {isa = PBXFileReference; lastKnownFileType = image.png; name = "zolotaya@2x.png"; path = "Fishes/zolotaya@2x.png"; sourceTree = "<group>"; };
		D55DE1121737FD4D00F1A8BC /* NSNumber+ext.h */ = {isa = PBXFileReference; fileEncoding = 4; lastKnownFileType = sourcecode.c.h; path = "NSNumber+ext.h"; sourceTree = "<group>"; };
		D55DE1131737FD4D00F1A8BC /* NSNumber+ext.m */ = {isa = PBXFileReference; fileEncoding = 4; lastKnownFileType = sourcecode.c.objc; path = "NSNumber+ext.m"; sourceTree = "<group>"; };
		D55DE1141737FD4D00F1A8BC /* UIView+ext.h */ = {isa = PBXFileReference; fileEncoding = 4; lastKnownFileType = sourcecode.c.h; path = "UIView+ext.h"; sourceTree = "<group>"; };
		D55DE1151737FD4D00F1A8BC /* UIView+ext.m */ = {isa = PBXFileReference; fileEncoding = 4; lastKnownFileType = sourcecode.c.objc; path = "UIView+ext.m"; sourceTree = "<group>"; };
		D55DE1161737FD4D00F1A8BC /* AppDelegate.h */ = {isa = PBXFileReference; fileEncoding = 4; lastKnownFileType = sourcecode.c.h; path = AppDelegate.h; sourceTree = "<group>"; };
		D55DE1171737FD4D00F1A8BC /* AppDelegate.m */ = {isa = PBXFileReference; fileEncoding = 4; lastKnownFileType = sourcecode.c.objc; path = AppDelegate.m; sourceTree = "<group>"; };
		D55DE1191737FD4D00F1A8BC /* Macroses.h */ = {isa = PBXFileReference; fileEncoding = 4; lastKnownFileType = sourcecode.c.h; path = Macroses.h; sourceTree = "<group>"; };
		D55DE11A1737FD4D00F1A8BC /* main.m */ = {isa = PBXFileReference; fileEncoding = 4; lastKnownFileType = sourcecode.c.objc; path = main.m; sourceTree = "<group>"; };
		D55DE1211737FD4D00F1A8BC /* ZOO_DEMO-Prefix.pch */ = {isa = PBXFileReference; fileEncoding = 4; lastKnownFileType = sourcecode.c.h; path = "ZOO_DEMO-Prefix.pch"; sourceTree = "<group>"; };
		D55DE1241737FD4D00F1A8BC /* Default-568h@2x.png */ = {isa = PBXFileReference; lastKnownFileType = image.png; path = "Default-568h@2x.png"; sourceTree = "<group>"; };
		D55DE1251737FD4D00F1A8BC /* Default.png */ = {isa = PBXFileReference; lastKnownFileType = image.png; path = Default.png; sourceTree = "<group>"; };
		D55DE1261737FD4D00F1A8BC /* Default@2x.png */ = {isa = PBXFileReference; lastKnownFileType = image.png; path = "Default@2x.png"; sourceTree = "<group>"; };
		D55DE1291737FD4D00F1A8BC /* ru */ = {isa = PBXFileReference; lastKnownFileType = text.plist.strings; name = ru; path = ru.lproj/InfoPlist.strings; sourceTree = "<group>"; };
		D55DE1351737FFC500F1A8BC /* QRViewController.h */ = {isa = PBXFileReference; fileEncoding = 4; lastKnownFileType = sourcecode.c.h; name = QRViewController.h; path = QRViewController/QRViewController.h; sourceTree = "<group>"; };
		D55DE1361737FFC500F1A8BC /* QRViewController.m */ = {isa = PBXFileReference; fileEncoding = 4; lastKnownFileType = sourcecode.c.objc; name = QRViewController.m; path = QRViewController/QRViewController.m; sourceTree = "<group>"; };
		D55DE1371737FFC500F1A8BC /* QRViewController.xib */ = {isa = PBXFileReference; fileEncoding = 4; lastKnownFileType = file.xib; name = QRViewController.xib; path = QRViewController/QRViewController.xib; sourceTree = "<group>"; };
		D55DE13B1738005400F1A8BC /* MapViewController.h */ = {isa = PBXFileReference; fileEncoding = 4; lastKnownFileType = sourcecode.c.h; name = MapViewController.h; path = MapViewController/MapViewController.h; sourceTree = "<group>"; };
		D55DE13C1738005400F1A8BC /* MapViewController.m */ = {isa = PBXFileReference; fileEncoding = 4; lastKnownFileType = sourcecode.c.objc; name = MapViewController.m; path = MapViewController/MapViewController.m; sourceTree = "<group>"; };
		D55DE13D1738005400F1A8BC /* MapViewController.xib */ = {isa = PBXFileReference; fileEncoding = 4; lastKnownFileType = file.xib; name = MapViewController.xib; path = MapViewController/MapViewController.xib; sourceTree = "<group>"; };
		D55DE1411738007400F1A8BC /* InfoViewController.h */ = {isa = PBXFileReference; fileEncoding = 4; lastKnownFileType = sourcecode.c.h; name = InfoViewController.h; path = InfoViewController/InfoViewController.h; sourceTree = "<group>"; };
		D55DE1421738007400F1A8BC /* InfoViewController.m */ = {isa = PBXFileReference; fileEncoding = 4; lastKnownFileType = sourcecode.c.objc; name = InfoViewController.m; path = InfoViewController/InfoViewController.m; sourceTree = "<group>"; };
		D55DE1431738007400F1A8BC /* InfoViewController.xib */ = {isa = PBXFileReference; fileEncoding = 4; lastKnownFileType = file.xib; name = InfoViewController.xib; path = InfoViewController/InfoViewController.xib; sourceTree = "<group>"; };
		D55DE147173800A900F1A8BC /* AnimalsViewController.h */ = {isa = PBXFileReference; fileEncoding = 4; lastKnownFileType = sourcecode.c.h; name = AnimalsViewController.h; path = AnimalsViewController/AnimalsViewController.h; sourceTree = "<group>"; };
		D55DE148173800A900F1A8BC /* AnimalsViewController.m */ = {isa = PBXFileReference; fileEncoding = 4; lastKnownFileType = sourcecode.c.objc; name = AnimalsViewController.m; path = AnimalsViewController/AnimalsViewController.m; sourceTree = "<group>"; };
		D55DE149173800A900F1A8BC /* AnimalsViewController.xib */ = {isa = PBXFileReference; fileEncoding = 4; lastKnownFileType = file.xib; name = AnimalsViewController.xib; path = AnimalsViewController/AnimalsViewController.xib; sourceTree = "<group>"; };
		D55DE14C1738031200F1A8BC /* MapKit.framework */ = {isa = PBXFileReference; lastKnownFileType = wrapper.framework; name = MapKit.framework; path = System/Library/Frameworks/MapKit.framework; sourceTree = SDKROOT; };
/* End PBXFileReference section */

/* Begin PBXFrameworksBuildPhase section */
		8C3CB2851737C61100F57852 /* Frameworks */ = {
			isa = PBXFrameworksBuildPhase;
			buildActionMask = 2147483647;
			files = (
				D55DE14D1738031200F1A8BC /* MapKit.framework in Frameworks */,
				8C3CB28C1737C61100F57852 /* UIKit.framework in Frameworks */,
				8C3CB28E1737C61100F57852 /* Foundation.framework in Frameworks */,
				8C3CB2901737C61100F57852 /* CoreGraphics.framework in Frameworks */,
			);
			runOnlyForDeploymentPostprocessing = 0;
		};
/* End PBXFrameworksBuildPhase section */

/* Begin PBXGroup section */
		085AC934173AA3F9000715A1 /* AnimalCell */ = {
			isa = PBXGroup;
			children = (
				085AC937173AA456000715A1 /* AnimalCell.h */,
				085AC938173AA456000715A1 /* AnimalCell.m */,
				085AC935173AA41A000715A1 /* AnimalCell.xib */,
			);
			name = AnimalCell;
			sourceTree = "<group>";
		};
		088FCC67173BD39000D1794C /* Data Manager */ = {
			isa = PBXGroup;
			children = (
				088FCC68173BD3B200D1794C /* DataManager.h */,
				088FCC69173BD3B200D1794C /* DataManager.m */,
			);
			name = "Data Manager";
			sourceTree = "<group>";
		};
		8C3CB27F1737C61100F57852 = {
			isa = PBXGroup;
			children = (
				8C3CB2911737C61100F57852 /* ZOO_DEMO */,
				8C3CB28A1737C61100F57852 /* Frameworks */,
				8C3CB2891737C61100F57852 /* Products */,
			);
			sourceTree = "<group>";
		};
		8C3CB2891737C61100F57852 /* Products */ = {
			isa = PBXGroup;
			children = (
				8C3CB2881737C61100F57852 /* ZOO_DEMO.app */,
			);
			name = Products;
			sourceTree = "<group>";
		};
		8C3CB28A1737C61100F57852 /* Frameworks */ = {
			isa = PBXGroup;
			children = (
				D55DE14C1738031200F1A8BC /* MapKit.framework */,
				8C3CB28B1737C61100F57852 /* UIKit.framework */,
				8C3CB28D1737C61100F57852 /* Foundation.framework */,
				8C3CB28F1737C61100F57852 /* CoreGraphics.framework */,
			);
			name = Frameworks;
			sourceTree = "<group>";
		};
		8C3CB2911737C61100F57852 /* ZOO_DEMO */ = {
			isa = PBXGroup;
			children = (
				D55DE1101737FD4D00F1A8BC /* Classes */,
				D55DE1221737FD4D00F1A8BC /* Resources */,
				D55DE1271737FD4D00F1A8BC /* Supporting Files */,
			);
			path = ZOO_DEMO;
			sourceTree = "<group>";
		};
		CC9BE223173D2B6F00518C9C /* Animals */ = {
			isa = PBXGroup;
			children = (
				CC9BE23C173D375E00518C9C /* vidra.png */,
				CC9BE23D173D375E00518C9C /* vidra@2x.png */,
				CC9BE238173D375500518C9C /* tiger.png */,
				CC9BE239173D375500518C9C /* tiger@2x.png */,
				CC9BE230173D374C00518C9C /* lion.png */,
				CC9BE231173D374C00518C9C /* lion@2x.png */,
				CC9BE232173D374C00518C9C /* mangust.png */,
				CC9BE233173D374C00518C9C /* mangust@2x.png */,
				CC9BE22C173D30C700518C9C /* Polar Bear_2.png */,
				CC9BE22D173D30C700518C9C /* Polar Bear_2@2x.png */,
				CC9BE224173D2B9F00518C9C /* 220px-Medved_mzoo.png */,
				CC9BE225173D2B9F00518C9C /* 220px-Medved_mzoo@2x.png */,
			);
			name = Animals;
			sourceTree = "<group>";
		};
		CC9BE258173D3E1300518C9C /* Birds */ = {
			isa = PBXGroup;
			children = (
				CC9BE240173D3E0300518C9C /* ara.png */,
				CC9BE241173D3E0300518C9C /* ara@2x.png */,
				CC9BE242173D3E0300518C9C /* caplya.png */,
				CC9BE243173D3E0300518C9C /* caplya@2x.png */,
				CC9BE244173D3E0400518C9C /* goose.png */,
				CC9BE245173D3E0400518C9C /* goose@2x.png */,
				CC9BE246173D3E0400518C9C /* pavlin.png */,
				CC9BE247173D3E0400518C9C /* pavlin@2x.png */,
				CC9BE248173D3E0400518C9C /* peganki.png */,
				CC9BE249173D3E0400518C9C /* peganki@2x.png */,
				CC9BE24A173D3E0500518C9C /* Sarus.png */,
				CC9BE24B173D3E0500518C9C /* Sarus@2x.png */,
			);
			name = Birds;
			sourceTree = "<group>";
		};
		CC9BE271173D443C00518C9C /* Reptiles */ = {
			isa = PBXGroup;
			children = (
				CC9BE259173D443300518C9C /* agama.png */,
				CC9BE25A173D443300518C9C /* agama@2x.png */,
				CC9BE25B173D443300518C9C /* kayman.png */,
				CC9BE25C173D443300518C9C /* kayman@2x.png */,
				CC9BE25D173D443300518C9C /* pitonTygroviy.png */,
				CC9BE25E173D443400518C9C /* pitonTygroviy@2x.png */,
				CC9BE25F173D443400518C9C /* pyton.png */,
				CC9BE260173D443400518C9C /* pyton@2x.png */,
				CC9BE261173D443400518C9C /* Varan.png */,
				CC9BE262173D443400518C9C /* Varan@2x.png */,
				CC9BE263173D443400518C9C /* vasylysk.png */,
				CC9BE264173D443400518C9C /* vasylysk@2x.png */,
			);
			name = Reptiles;
			sourceTree = "<group>";
		};
		CC9BE28A173D476B00518C9C /* Fishes */ = {
			isa = PBXGroup;
			children = (
				CC9BE272173D476200518C9C /* minor.png */,
				CC9BE273173D476200518C9C /* minor@2x.png */,
				CC9BE274173D476300518C9C /* princes.png */,
				CC9BE275173D476300518C9C /* princes@2x.png */,
				CC9BE276173D476300518C9C /* queen.png */,
				CC9BE277173D476300518C9C /* queen@2x.png */,
				CC9BE278173D476300518C9C /* redhead.png */,
				CC9BE279173D476300518C9C /* redhead@2x.png */,
				CC9BE27A173D476300518C9C /* teleskop.png */,
				CC9BE27B173D476400518C9C /* teleskop@2x.png */,
				CC9BE27C173D476400518C9C /* zolotaya.png */,
				CC9BE27D173D476400518C9C /* zolotaya@2x.png */,
			);
			name = Fishes;
			sourceTree = "<group>";
		};
		D55DE1101737FD4D00F1A8BC /* Classes */ = {
			isa = PBXGroup;
			children = (
				088FCC67173BD39000D1794C /* Data Manager */,
				D55DE1111737FD4D00F1A8BC /* Additions */,
				D55DE1181737FD4D00F1A8BC /* Libs */,
				D55DE11B1737FD4D00F1A8BC /* Model */,
				D55DE11F1737FD4D00F1A8BC /* ViewControllers */,
				D55DE1201737FD4D00F1A8BC /* Views */,
				D55DE1161737FD4D00F1A8BC /* AppDelegate.h */,
				D55DE1171737FD4D00F1A8BC /* AppDelegate.m */,
				D55DE11A1737FD4D00F1A8BC /* main.m */,
				D55DE1211737FD4D00F1A8BC /* ZOO_DEMO-Prefix.pch */,
			);
			path = Classes;
			sourceTree = "<group>";
		};
		D55DE1111737FD4D00F1A8BC /* Additions */ = {
			isa = PBXGroup;
			children = (
				D55DE1121737FD4D00F1A8BC /* NSNumber+ext.h */,
				D55DE1131737FD4D00F1A8BC /* NSNumber+ext.m */,
				D55DE1141737FD4D00F1A8BC /* UIView+ext.h */,
				D55DE1151737FD4D00F1A8BC /* UIView+ext.m */,
			);
			path = Additions;
			sourceTree = "<group>";
		};
		D55DE1181737FD4D00F1A8BC /* Libs */ = {
			isa = PBXGroup;
			children = (
				D55DE1191737FD4D00F1A8BC /* Macroses.h */,
			);
			path = Libs;
			sourceTree = "<group>";
		};
		D55DE11B1737FD4D00F1A8BC /* Model */ = {
			isa = PBXGroup;
			children = (
				D55DE11C1737FD4D00F1A8BC /* Common */,
				D55DE11D1737FD4D00F1A8BC /* Managers */,
				D55DE11E1737FD4D00F1A8BC /* Models */,
			);
			path = Model;
			sourceTree = "<group>";
		};
		D55DE11C1737FD4D00F1A8BC /* Common */ = {
			isa = PBXGroup;
			children = (
			);
			path = Common;
			sourceTree = "<group>";
		};
		D55DE11D1737FD4D00F1A8BC /* Managers */ = {
			isa = PBXGroup;
			children = (
			);
			path = Managers;
			sourceTree = "<group>";
		};
		D55DE11E1737FD4D00F1A8BC /* Models */ = {
			isa = PBXGroup;
			children = (
				CC9BE218173D207200518C9C /* AnimalModel.h */,
				CC9BE219173D207200518C9C /* AnimalModel.m */,
			);
			path = Models;
			sourceTree = "<group>";
		};
		D55DE11F1737FD4D00F1A8BC /* ViewControllers */ = {
			isa = PBXGroup;
			children = (
				D55DE1461738009500F1A8BC /* AnimalsViewController */,
				D55DE1401738006100F1A8BC /* InfoViewController */,
				D55DE13A1738004100F1A8BC /* MapViewController */,
				D55DE1341737FF7E00F1A8BC /* QRViewController */,
			);
			path = ViewControllers;
			sourceTree = "<group>";
		};
		D55DE1201737FD4D00F1A8BC /* Views */ = {
			isa = PBXGroup;
			children = (
				085AC934173AA3F9000715A1 /* AnimalCell */,
			);
			path = Views;
			sourceTree = "<group>";
		};
		D55DE1221737FD4D00F1A8BC /* Resources */ = {
			isa = PBXGroup;
			children = (
				D55DE1231737FD4D00F1A8BC /* Images */,
			);
			path = Resources;
			sourceTree = "<group>";
		};
		D55DE1231737FD4D00F1A8BC /* Images */ = {
			isa = PBXGroup;
			children = (
				CC9BE28A173D476B00518C9C /* Fishes */,
				CC9BE271173D443C00518C9C /* Reptiles */,
				CC9BE258173D3E1300518C9C /* Birds */,
				CC9BE223173D2B6F00518C9C /* Animals */,
				085AC93C173AB30D000715A1 /* tabbar_map.png */,
				085AC93D173AB30D000715A1 /* tabbar_map@2x.png */,
				085AC93A173AAD3B000715A1 /* zookh_logo.png */,
				085AC921173A7546000715A1 /* navigation_background.png */,
				085AC922173A7546000715A1 /* navigation_background@2x.png */,
				085AC923173A7546000715A1 /* editButton.png */,
				085AC924173A7546000715A1 /* editButton@2x.png */,
				085AC925173A7546000715A1 /* navigation_menu_button.png */,
				085AC926173A7546000715A1 /* navigation_menu_button@2x.png */,
				D55DE1241737FD4D00F1A8BC /* Default-568h@2x.png */,
				D55DE1251737FD4D00F1A8BC /* Default.png */,
				D55DE1261737FD4D00F1A8BC /* Default@2x.png */,
			);
			path = Images;
			sourceTree = "<group>";
		};
		D55DE1271737FD4D00F1A8BC /* Supporting Files */ = {
			isa = PBXGroup;
			children = (
				D55DE1281737FD4D00F1A8BC /* InfoPlist.strings */,
			);
			path = "Supporting Files";
			sourceTree = "<group>";
		};
		D55DE1341737FF7E00F1A8BC /* QRViewController */ = {
			isa = PBXGroup;
			children = (
				D55DE1351737FFC500F1A8BC /* QRViewController.h */,
				D55DE1361737FFC500F1A8BC /* QRViewController.m */,
				D55DE1371737FFC500F1A8BC /* QRViewController.xib */,
			);
			name = QRViewController;
			sourceTree = "<group>";
		};
		D55DE13A1738004100F1A8BC /* MapViewController */ = {
			isa = PBXGroup;
			children = (
				D55DE13B1738005400F1A8BC /* MapViewController.h */,
				D55DE13C1738005400F1A8BC /* MapViewController.m */,
				D55DE13D1738005400F1A8BC /* MapViewController.xib */,
			);
			name = MapViewController;
			sourceTree = "<group>";
		};
		D55DE1401738006100F1A8BC /* InfoViewController */ = {
			isa = PBXGroup;
			children = (
				D55DE1411738007400F1A8BC /* InfoViewController.h */,
				D55DE1421738007400F1A8BC /* InfoViewController.m */,
				D55DE1431738007400F1A8BC /* InfoViewController.xib */,
			);
			name = InfoViewController;
			sourceTree = "<group>";
		};
		D55DE1461738009500F1A8BC /* AnimalsViewController */ = {
			isa = PBXGroup;
			children = (
				D55DE147173800A900F1A8BC /* AnimalsViewController.h */,
				D55DE148173800A900F1A8BC /* AnimalsViewController.m */,
				D55DE149173800A900F1A8BC /* AnimalsViewController.xib */,
			);
			name = AnimalsViewController;
			sourceTree = "<group>";
		};
/* End PBXGroup section */

/* Begin PBXNativeTarget section */
		8C3CB2871737C61100F57852 /* ZOO_DEMO */ = {
			isa = PBXNativeTarget;
			buildConfigurationList = 8C3CB2B91737C61100F57852 /* Build configuration list for PBXNativeTarget "ZOO_DEMO" */;
			buildPhases = (
				8C3CB2841737C61100F57852 /* Sources */,
				8C3CB2851737C61100F57852 /* Frameworks */,
				8C3CB2861737C61100F57852 /* Resources */,
			);
			buildRules = (
			);
			dependencies = (
			);
			name = ZOO_DEMO;
			productName = ZOO_DEMO;
			productReference = 8C3CB2881737C61100F57852 /* ZOO_DEMO.app */;
			productType = "com.apple.product-type.application";
		};
/* End PBXNativeTarget section */

/* Begin PBXProject section */
		8C3CB2801737C61100F57852 /* Project object */ = {
			isa = PBXProject;
			attributes = {
				LastUpgradeCheck = 0460;
				ORGANIZATIONNAME = vexadev;
			};
			buildConfigurationList = 8C3CB2831737C61100F57852 /* Build configuration list for PBXProject "ZOO_DEMO" */;
			compatibilityVersion = "Xcode 3.2";
			developmentRegion = English;
			hasScannedForEncodings = 0;
			knownRegions = (
				en,
				ru,
			);
			mainGroup = 8C3CB27F1737C61100F57852;
			productRefGroup = 8C3CB2891737C61100F57852 /* Products */;
			projectDirPath = "";
			projectRoot = "";
			targets = (
				8C3CB2871737C61100F57852 /* ZOO_DEMO */,
			);
		};
/* End PBXProject section */

/* Begin PBXResourcesBuildPhase section */
		8C3CB2861737C61100F57852 /* Resources */ = {
			isa = PBXResourcesBuildPhase;
			buildActionMask = 2147483647;
			files = (
				D55DE12F1737FD4D00F1A8BC /* Default-568h@2x.png in Resources */,
				D55DE1301737FD4D00F1A8BC /* Default.png in Resources */,
				D55DE1311737FD4D00F1A8BC /* Default@2x.png in Resources */,
				D55DE1321737FD4D00F1A8BC /* InfoPlist.strings in Resources */,
				D55DE1391737FFC500F1A8BC /* QRViewController.xib in Resources */,
				D55DE13F1738005400F1A8BC /* MapViewController.xib in Resources */,
				D55DE1451738007400F1A8BC /* InfoViewController.xib in Resources */,
				D55DE14B173800A900F1A8BC /* AnimalsViewController.xib in Resources */,
				085AC927173A7546000715A1 /* navigation_background.png in Resources */,
				085AC928173A7546000715A1 /* navigation_background@2x.png in Resources */,
				085AC929173A7546000715A1 /* editButton.png in Resources */,
				085AC92A173A7546000715A1 /* editButton@2x.png in Resources */,
				085AC92B173A7546000715A1 /* navigation_menu_button.png in Resources */,
				085AC92C173A7546000715A1 /* navigation_menu_button@2x.png in Resources */,
				085AC936173AA41A000715A1 /* AnimalCell.xib in Resources */,
				085AC93B173AAD3C000715A1 /* zookh_logo.png in Resources */,
				085AC93E173AB30F000715A1 /* tabbar_map.png in Resources */,
				085AC93F173AB30F000715A1 /* tabbar_map@2x.png in Resources */,
				CC9BE228173D2B9F00518C9C /* 220px-Medved_mzoo.png in Resources */,
				CC9BE229173D2B9F00518C9C /* 220px-Medved_mzoo@2x.png in Resources */,
				CC9BE22E173D30C700518C9C /* Polar Bear_2.png in Resources */,
				CC9BE22F173D30C700518C9C /* Polar Bear_2@2x.png in Resources */,
				CC9BE234173D374C00518C9C /* lion.png in Resources */,
				CC9BE235173D374C00518C9C /* lion@2x.png in Resources */,
				CC9BE236173D374C00518C9C /* mangust.png in Resources */,
				CC9BE237173D374C00518C9C /* mangust@2x.png in Resources */,
				CC9BE23A173D375500518C9C /* tiger.png in Resources */,
				CC9BE23B173D375500518C9C /* tiger@2x.png in Resources */,
				CC9BE23E173D375E00518C9C /* vidra.png in Resources */,
				CC9BE23F173D375E00518C9C /* vidra@2x.png in Resources */,
				CC9BE24C173D3E0500518C9C /* ara.png in Resources */,
				CC9BE24D173D3E0500518C9C /* ara@2x.png in Resources */,
				CC9BE24E173D3E0500518C9C /* caplya.png in Resources */,
				CC9BE24F173D3E0500518C9C /* caplya@2x.png in Resources */,
				CC9BE250173D3E0500518C9C /* goose.png in Resources */,
				CC9BE251173D3E0500518C9C /* goose@2x.png in Resources */,
				CC9BE252173D3E0500518C9C /* pavlin.png in Resources */,
				CC9BE253173D3E0500518C9C /* pavlin@2x.png in Resources */,
				CC9BE254173D3E0500518C9C /* peganki.png in Resources */,
				CC9BE255173D3E0500518C9C /* peganki@2x.png in Resources */,
				CC9BE256173D3E0500518C9C /* Sarus.png in Resources */,
				CC9BE257173D3E0500518C9C /* Sarus@2x.png in Resources */,
				CC9BE265173D443500518C9C /* agama.png in Resources */,
				CC9BE266173D443500518C9C /* agama@2x.png in Resources */,
				CC9BE267173D443500518C9C /* kayman.png in Resources */,
				CC9BE268173D443500518C9C /* kayman@2x.png in Resources */,
				CC9BE269173D443500518C9C /* pitonTygroviy.png in Resources */,
				CC9BE26A173D443500518C9C /* pitonTygroviy@2x.png in Resources */,
				CC9BE26B173D443500518C9C /* pyton.png in Resources */,
				CC9BE26C173D443500518C9C /* pyton@2x.png in Resources */,
				CC9BE26D173D443500518C9C /* Varan.png in Resources */,
				CC9BE26E173D443500518C9C /* Varan@2x.png in Resources */,
				CC9BE26F173D443500518C9C /* vasylysk.png in Resources */,
				CC9BE270173D443500518C9C /* vasylysk@2x.png in Resources */,
				CC9BE27E173D476400518C9C /* minor.png in Resources */,
				CC9BE27F173D476400518C9C /* minor@2x.png in Resources */,
				CC9BE280173D476400518C9C /* princes.png in Resources */,
				CC9BE281173D476400518C9C /* princes@2x.png in Resources */,
				CC9BE282173D476400518C9C /* queen.png in Resources */,
				CC9BE283173D476400518C9C /* queen@2x.png in Resources */,
				CC9BE284173D476400518C9C /* redhead.png in Resources */,
				CC9BE285173D476400518C9C /* redhead@2x.png in Resources */,
				CC9BE286173D476400518C9C /* teleskop.png in Resources */,
				CC9BE287173D476400518C9C /* teleskop@2x.png in Resources */,
				CC9BE288173D476400518C9C /* zolotaya.png in Resources */,
				CC9BE289173D476400518C9C /* zolotaya@2x.png in Resources */,
			);
			runOnlyForDeploymentPostprocessing = 0;
		};
/* End PBXResourcesBuildPhase section */

/* Begin PBXSourcesBuildPhase section */
		8C3CB2841737C61100F57852 /* Sources */ = {
			isa = PBXSourcesBuildPhase;
			buildActionMask = 2147483647;
			files = (
				D55DE12B1737FD4D00F1A8BC /* NSNumber+ext.m in Sources */,
				D55DE12C1737FD4D00F1A8BC /* UIView+ext.m in Sources */,
				D55DE12D1737FD4D00F1A8BC /* AppDelegate.m in Sources */,
				D55DE12E1737FD4D00F1A8BC /* main.m in Sources */,
				D55DE1381737FFC500F1A8BC /* QRViewController.m in Sources */,
				D55DE13E1738005400F1A8BC /* MapViewController.m in Sources */,
				D55DE1441738007400F1A8BC /* InfoViewController.m in Sources */,
				D55DE14A173800A900F1A8BC /* AnimalsViewController.m in Sources */,
				085AC939173AA456000715A1 /* AnimalCell.m in Sources */,
				088FCC6A173BD3B200D1794C /* DataManager.m in Sources */,
				CC9BE21A173D207200518C9C /* AnimalModel.m in Sources */,
			);
			runOnlyForDeploymentPostprocessing = 0;
		};
/* End PBXSourcesBuildPhase section */

/* Begin PBXVariantGroup section */
		D55DE1281737FD4D00F1A8BC /* InfoPlist.strings */ = {
			isa = PBXVariantGroup;
			children = (
				D55DE1291737FD4D00F1A8BC /* ru */,
			);
			name = InfoPlist.strings;
			sourceTree = "<group>";
		};
/* End PBXVariantGroup section */

/* Begin XCBuildConfiguration section */
		8C3CB2B71737C61100F57852 /* Debug */ = {
			isa = XCBuildConfiguration;
			buildSettings = {
				ALWAYS_SEARCH_USER_PATHS = NO;
				CLANG_CXX_LANGUAGE_STANDARD = "gnu++0x";
				CLANG_CXX_LIBRARY = "libc++";
				CLANG_ENABLE_OBJC_ARC = YES;
				CLANG_WARN_CONSTANT_CONVERSION = YES;
				CLANG_WARN_EMPTY_BODY = YES;
				CLANG_WARN_ENUM_CONVERSION = YES;
				CLANG_WARN_INT_CONVERSION = YES;
				CLANG_WARN__DUPLICATE_METHOD_MATCH = YES;
				"CODE_SIGN_IDENTITY[sdk=iphoneos*]" = "iPhone Developer";
				COPY_PHASE_STRIP = NO;
				GCC_C_LANGUAGE_STANDARD = gnu99;
				GCC_DYNAMIC_NO_PIC = NO;
				GCC_OPTIMIZATION_LEVEL = 0;
				GCC_PREPROCESSOR_DEFINITIONS = (
					"DEBUG=1",
					"$(inherited)",
				);
				GCC_SYMBOLS_PRIVATE_EXTERN = NO;
				GCC_WARN_ABOUT_RETURN_TYPE = YES;
				GCC_WARN_UNINITIALIZED_AUTOS = YES;
				GCC_WARN_UNUSED_VARIABLE = YES;
				IPHONEOS_DEPLOYMENT_TARGET = 6.1;
				ONLY_ACTIVE_ARCH = YES;
				SDKROOT = iphoneos;
			};
			name = Debug;
		};
		8C3CB2B81737C61100F57852 /* Release */ = {
			isa = XCBuildConfiguration;
			buildSettings = {
				ALWAYS_SEARCH_USER_PATHS = NO;
				CLANG_CXX_LANGUAGE_STANDARD = "gnu++0x";
				CLANG_CXX_LIBRARY = "libc++";
				CLANG_ENABLE_OBJC_ARC = YES;
				CLANG_WARN_CONSTANT_CONVERSION = YES;
				CLANG_WARN_EMPTY_BODY = YES;
				CLANG_WARN_ENUM_CONVERSION = YES;
				CLANG_WARN_INT_CONVERSION = YES;
				CLANG_WARN__DUPLICATE_METHOD_MATCH = YES;
				"CODE_SIGN_IDENTITY[sdk=iphoneos*]" = "iPhone Developer";
				COPY_PHASE_STRIP = YES;
				GCC_C_LANGUAGE_STANDARD = gnu99;
				GCC_WARN_ABOUT_RETURN_TYPE = YES;
				GCC_WARN_UNINITIALIZED_AUTOS = YES;
				GCC_WARN_UNUSED_VARIABLE = YES;
				IPHONEOS_DEPLOYMENT_TARGET = 6.1;
				OTHER_CFLAGS = "-DNS_BLOCK_ASSERTIONS=1";
				SDKROOT = iphoneos;
				VALIDATE_PRODUCT = YES;
			};
			name = Release;
		};
		8C3CB2BA1737C61100F57852 /* Debug */ = {
			isa = XCBuildConfiguration;
			buildSettings = {
				GCC_PRECOMPILE_PREFIX_HEADER = YES;
				GCC_PREFIX_HEADER = "ZOO_DEMO/Classes/ZOO_DEMO-Prefix.pch";
				INFOPLIST_FILE = "ZOO_DEMO/Supporting Files/ZOO_DEMO-Info.plist";
				PRODUCT_NAME = "$(TARGET_NAME)";
				WRAPPER_EXTENSION = app;
			};
			name = Debug;
		};
		8C3CB2BB1737C61100F57852 /* Release */ = {
			isa = XCBuildConfiguration;
			buildSettings = {
				GCC_PRECOMPILE_PREFIX_HEADER = YES;
				GCC_PREFIX_HEADER = "ZOO_DEMO/Classes/ZOO_DEMO-Prefix.pch";
				INFOPLIST_FILE = "ZOO_DEMO/Supporting Files/ZOO_DEMO-Info.plist";
				PRODUCT_NAME = "$(TARGET_NAME)";
				WRAPPER_EXTENSION = app;
			};
			name = Release;
		};
/* End XCBuildConfiguration section */

/* Begin XCConfigurationList section */
		8C3CB2831737C61100F57852 /* Build configuration list for PBXProject "ZOO_DEMO" */ = {
			isa = XCConfigurationList;
			buildConfigurations = (
				8C3CB2B71737C61100F57852 /* Debug */,
				8C3CB2B81737C61100F57852 /* Release */,
			);
			defaultConfigurationIsVisible = 0;
			defaultConfigurationName = Release;
		};
		8C3CB2B91737C61100F57852 /* Build configuration list for PBXNativeTarget "ZOO_DEMO" */ = {
			isa = XCConfigurationList;
			buildConfigurations = (
				8C3CB2BA1737C61100F57852 /* Debug */,
				8C3CB2BB1737C61100F57852 /* Release */,
			);
			defaultConfigurationIsVisible = 0;
			defaultConfigurationName = Release;
		};
/* End XCConfigurationList section */
	};
	rootObject = 8C3CB2801737C61100F57852 /* Project object */;
}
